%{"bunt": {:hex, :bunt, "0.1.6", "5d95a6882f73f3b9969fdfd1953798046664e6f77ec4e486e6fafc7caad97c6f", [:mix], []},
  "credo": {:hex, :credo, "0.4.11", "03a64e9d53309b7132556284dda0be57ba1013885725124cfea7748d740c6170", [:mix], [{:bunt, "~> 0.1.6", [hex: :bunt, optional: false]}]},
  "dialyxir": {:hex, :dialyxir, "0.3.5", "eaba092549e044c76f83165978979f60110dc58dd5b92fd952bf2312f64e9b14", [:mix], []},
  "earmark": {:hex, :earmark, "1.0.1", "2c2cd903bfdc3de3f189bd9a8d4569a075b88a8981ded9a0d95672f6e2b63141", [:mix], []},
  "ex_doc": {:hex, :ex_doc, "0.13.2", "1059a588d2ad3ffab25a0b85c58abf08e437d3e7a9124ac255e1d15cec68ab79", [:mix], [{:earmark, "~> 1.0", [hex: :earmark, optional: false]}]},
  "inch_ex": {:hex, :inch_ex, "0.5.4", "a2b032ad141a335a0a119f49b157b36326f5928d16a1d129b0f582398fdc25d2", [:mix], [{:poison, "~> 1.5 or ~> 2.0", [hex: :poison, optional: false]}]},
  "poison": {:hex, :poison, "2.2.0", "4763b69a8a77bd77d26f477d196428b741261a761257ff1cf92753a0d4d24a63", [:mix], []},
  "quark": {:hex, :quark, "2.1.0", "3f0fccd6eea377a18ad48b007a456e51941b22bc2b6aee546b1d4cd5ffeaefe8", [:mix], []},
  "witchcraft": {:hex, :witchcraft, "0.2.0"}}
